
Microsoft Visual Studio Solution File, Format Version 12.00
# Visual Studio Version 16
VisualStudioVersion = 16.0.30503.244
MinimumVisualStudioVersion = 10.0.40219.1
Project("{FAE04EC0-301F-11D3-BF4B-00C04F79EFBC}") = "mvp_task_one", "mvp_task_one\mvp_task_one.csproj", "{1BBD0499-C760-4D9C-B8DF-99ECCB6A88B3}"
EndProject
Global
	GlobalSection(SolutionConfigurationPlatforms) = preSolution
		Debug|Any CPU = Debug|Any CPU
		Release|Any CPU = Release|Any CPU
	EndGlobalSection
	GlobalSection(ProjectConfigurationPlatforms) = postSolution
		{1BBD0499-C760-4D9C-B8DF-99ECCB6A88B3}.Debug|Any CPU.ActiveCfg = Debug|Any CPU
		{1BBD0499-C760-4D9C-B8DF-99ECCB6A88B3}.Debug|Any CPU.Build.0 = Debug|Any CPU
		{1BBD0499-C760-4D9C-B8DF-99ECCB6A88B3}.Release|Any CPU.ActiveCfg = Release|Any CPU
		{1BBD0499-C760-4D9C-B8DF-99ECCB6A88B3}.Release|Any CPU.Build.0 = Release|Any CPU
	EndGlobalSection
	GlobalSection(SolutionProperties) = preSolution
		HideSolutionNode = FALSE
	EndGlobalSection
	GlobalSection(ExtensibilityGlobals) = postSolution
		SolutionGuid = {849C1462-84B7-4AA0-ABDA-F436E79D8F45}
	EndGlobalSection
EndGlobal
